PODS:
  - Alamofire (2.0.2)
  - ApplePayStubs (0.2)
  - AWSAPIGateway (2.2.7):
    - AWSCore (= 2.2.7)
  - AWSCognito (2.2.7):
    - AWSCore (= 2.2.7)
  - AWSCore (2.2.7)
  - AWSDynamoDB (2.2.7):
    - AWSCore (= 2.2.7)
  - AWSMobileAnalytics (2.2.7):
    - AWSCore (= 2.2.7)
  - AWSSNS (2.2.7):
    - AWSCore (= 2.2.7)
  - AWSSQS (2.2.7):
    - AWSCore (= 2.2.7)
  - HanekeSwift (0.10.0)
  - HexColors (2.2.1)
  - QRCode (0.5)
  - SDCAlertView (3.0.3)
  - SSKeychain (1.2.3)
  - Stripe (5.1.2):
    - Stripe/Core (= 5.1.2)
  - Stripe/Core (5.1.2)
  - SwiftyJSON (2.3.1)
  - TSMessages (0.9.12):
    - HexColors (~> 2.2.0)
  - XCGLogger (3.0)

DEPENDENCIES:
  - Alamofire (= 2.0.2)
  - ApplePayStubs
  - AWSAPIGateway
  - AWSCognito
  - AWSCore
  - AWSDynamoDB
  - AWSMobileAnalytics
  - AWSSNS
  - AWSSQS
  - HanekeSwift
  - QRCode
  - SDCAlertView
  - SSKeychain
  - Stripe (from `https://github.com/rromanchuk/stripe-ios`)
  - SwiftyJSON
  - TSMessages
  - XCGLogger

EXTERNAL SOURCES:
  Stripe:
    :git: https://github.com/rromanchuk/stripe-ios

CHECKOUT OPTIONS:
  Stripe:
    :commit: 4dd27b3b32ee35c2825504138f68634f4eab634e
    :git: https://github.com/rromanchuk/stripe-ios

SPEC CHECKSUMS:
  Alamofire: 8edbab00802a752bb5240cc2abe70e7e881488ad
  ApplePayStubs: 5dd63c36527d1117b2045939fb5b6581b4815433
  AWSAPIGateway: fc857fd9c532ff6e081f52c5d6b9a2e7e402262d
  AWSCognito: f88aa1b969dafc6208d417ebfa18b0f3b3746093
  AWSCore: d81e1e534040780deb0f3877aaa207d297e54b4c
  AWSDynamoDB: 211c266505513a57be42af255e2363bbbcdd2a1d
  AWSMobileAnalytics: ee66bd427dcfa264088804776e94d82932ad07f5
  AWSSNS: 6f526c50d4013eacd4c35af4b9b35eb415d202ec
  AWSSQS: 0def5dfc1385564d88ebf88a0bdf7227f5f855e1
  HanekeSwift: d6f5bdf9dbdbbc09d59623b2c1d533e46463dd4d
  HexColors: abfd172e329dab59888614ccba6f216cec59289d
  QRCode: a249ed747aeb0f4bf5f9c58b5b001b6b3bc80073
  SDCAlertView: c690864e91975f1105101e47f0db1b423a223833
  SSKeychain: 3f42991739c6c60a9cf1bbd4dff6c0d3694bcf3d
  Stripe: 141b28d157f12db2e1624315cf19f1b6bd5af84d
  SwiftyJSON: 592b53bee5ef3dd9b3bebc6b9cb7ee35426ae8c3
  TSMessages: c8cc7b80f2a833af533872cd02010cac061532cc
  XCGLogger: 5802533aff8bafc8b3b9776ab8972576f31d0a4e

COCOAPODS: 0.39.0
