PODS:
  - AWSCognito (2.1.2):
    - AWSCore (~> 2.1.2)
    - Bolts (~> 1.1.0)
    - Mantle (~> 1.4)
    - Reachability (~> 3.1)
    - UICKeyChainStore (~> 2.0)
  - AWSCore (2.1.2):
    - Bolts (~> 1.1.0)
    - GZIP (~> 1.0.3)
    - Mantle (~> 1.4)
    - Reachability (~> 3.1)
    - UICKeyChainStore (~> 2.0)
    - XMLDictionary (~> 1.4.0)
  - AWSDynamoDB (2.1.2):
    - AWSCore (= 2.1.2)
    - Bolts (~> 1.1.0)
    - Mantle (~> 1.4)
  - AWSS3 (2.1.2):
    - AWSCore (= 2.1.2)
    - Bolts (~> 1.1.0)
    - Mantle (~> 1.4)
    - TMCache (~> 1.2.1)
  - AWSSNS (2.1.2):
    - AWSCore (= 2.1.2)
    - Bolts (~> 1.1.0)
    - Mantle (~> 1.4)
  - AWSSQS (2.1.2):
    - AWSCore (= 2.1.2)
    - Bolts (~> 1.1.0)
    - Mantle (~> 1.4)
  - Bolts (1.1.5):
    - Bolts/AppLinks (= 1.1.5)
    - Bolts/Tasks (= 1.1.5)
  - Bolts/AppLinks (1.1.5):
    - Bolts/Tasks
  - Bolts/Tasks (1.1.5)
  - GZIP (1.0.3)
  - HexColors (2.2.1)
  - Mantle (1.5.4):
    - Mantle/extobjc (= 1.5.4)
  - Mantle/extobjc (1.5.4)
  - RBBAnimation (0.4.0)
  - Reachability (3.2)
  - Reveal-iOS-SDK (1.5.1)
  - SDCAlertView (2.5.1):
    - RBBAnimation (~> 0.3)
    - SDCAutoLayout (~> 2.0)
  - SDCAutoLayout (2.0.3)
  - SSKeychain (1.2.3)
  - Stripe (4.0.3):
    - Stripe/Checkout (= 4.0.3)
    - Stripe/Core (= 4.0.3)
  - Stripe/ApplePay (4.0.3):
    - Stripe/Core
  - Stripe/Checkout (4.0.3):
    - Stripe/Core
  - Stripe/Core (4.0.3)
  - TMCache (1.2.4)
  - TSMessages (0.9.12):
    - HexColors
  - UICKeyChainStore (2.0.5)
  - XMLDictionary (1.4)

DEPENDENCIES:
  - AWSCognito
  - AWSCore (from `https://github.com/rromanchuk/aws-sdk-ios.git`)
  - AWSDynamoDB (from `https://github.com/rromanchuk/aws-sdk-ios.git`)
  - AWSS3 (from `https://github.com/rromanchuk/aws-sdk-ios.git`)
  - AWSSNS (from `https://github.com/rromanchuk/aws-sdk-ios.git`)
  - AWSSQS (from `https://github.com/rromanchuk/aws-sdk-ios.git`)
  - Reveal-iOS-SDK
  - SDCAlertView
  - SSKeychain
  - Stripe
  - Stripe/ApplePay
  - TSMessages

EXTERNAL SOURCES:
  AWSCore:
    :git: https://github.com/rromanchuk/aws-sdk-ios.git
  AWSDynamoDB:
    :git: https://github.com/rromanchuk/aws-sdk-ios.git
  AWSS3:
    :git: https://github.com/rromanchuk/aws-sdk-ios.git
  AWSSNS:
    :git: https://github.com/rromanchuk/aws-sdk-ios.git
  AWSSQS:
    :git: https://github.com/rromanchuk/aws-sdk-ios.git

CHECKOUT OPTIONS:
  AWSCore:
    :commit: df8c178c66f91541db8a983ed5613b5a65d063fc
    :git: https://github.com/rromanchuk/aws-sdk-ios.git
  AWSDynamoDB:
    :commit: df8c178c66f91541db8a983ed5613b5a65d063fc
    :git: https://github.com/rromanchuk/aws-sdk-ios.git
  AWSS3:
    :commit: df8c178c66f91541db8a983ed5613b5a65d063fc
    :git: https://github.com/rromanchuk/aws-sdk-ios.git
  AWSSNS:
    :commit: df8c178c66f91541db8a983ed5613b5a65d063fc
    :git: https://github.com/rromanchuk/aws-sdk-ios.git
  AWSSQS:
    :commit: df8c178c66f91541db8a983ed5613b5a65d063fc
    :git: https://github.com/rromanchuk/aws-sdk-ios.git

SPEC CHECKSUMS:
  AWSCognito: 2c9dbdce4282a1070d644a82ae81ef20fbd0d7ce
  AWSCore: c8f48b48a8d5ab3c35171908695cea9a17e6dc82
  AWSDynamoDB: 1f137de42333fe090e3e6056faad4b6fe7c64496
  AWSS3: 7cb2a3922bd4472f3e4d95a7788d0f2d72bb5e64
  AWSSNS: c5f5bab85da604f937014ddedf2635244f6c382b
  AWSSQS: a8981633c414d4083cebba2453cd9f2766a611cf
  Bolts: aac24961496d504aa56fc267cde95162a71bac39
  GZIP: f0863fda354e8f83316508c0a2c7bbe385e39129
  HexColors: abfd172e329dab59888614ccba6f216cec59289d
  Mantle: 60acd0cd363e27d945bda0a6b8e90577112d28f3
  RBBAnimation: 4b2d66f6d993febce63cd564da934985313b9c59
  Reachability: 33e18b67625424e47b6cde6d202dce689ad7af96
  Reveal-iOS-SDK: c9c55cad2729c85f6ced415f1b21857c9a2d8ef9
  SDCAlertView: afdedd7ff3edef6117abbcf3ff201f0f0b960b93
  SDCAutoLayout: e6885bb39ab8e2ec2ff84d158f38035f025f7420
  SSKeychain: 3f42991739c6c60a9cf1bbd4dff6c0d3694bcf3d
  Stripe: 43a4307dc789483a61668d187c4a917d1348b0b6
  TMCache: a93984b045a5ee84bd8941bd5e0b54296059cc52
  TSMessages: 2a52642128d7ab15b46930c810b9c9403a2b58f3
  UICKeyChainStore: a389515ca090d4d49780fd563fec961571caa92b
  XMLDictionary: f9f51601ba76678b594ab485f2b00ec1fed23724

COCOAPODS: 0.37.2
